{
  "name": "sleeek",
  "version": "1.0.0",
  "lockfileVersion": 3,
  "requires": true,
  "packages": {
    "": {
      "name": "sleeek",
      "version": "1.0.0",
      "license": "GPL-3.0",
      "dependencies": {
        "@nuff-said/validate": "^1.0.1",
        "terminal-canvas": "^3.1.2",
        "valtio": "^2.3.2"
      }
    },
    "node_modules/@nuff-said/validate": {
      "version": "1.0.1",
      "resolved": "https://registry.npmjs.org/@nuff-said/validate/-/validate-1.0.1.tgz",
      "integrity": "sha512-9x6euMR4+kUxGWcB6NBiCsbTvaMG4DSTAjzTMyUinykyXfkEOwETTrHFiFNpf2dNdgxkhEoC7pwek94ZesimnA==",
      "license": "GPL-3.0"
    },
    "node_modules/proxy-compare": {
      "version": "3.0.1",
      "resolved": "https://registry.npmjs.org/proxy-compare/-/proxy-compare-3.0.1.tgz",
      "integrity": "sha512-V9plBAt3qjMlS1+nC8771KNf6oJ12gExvaxnNzN/9yVRLdTv/lc+oJlnSzrdYDAvBfTStPCoiaCOTmTs0adv7Q==",
      "license": "MIT"
    },
    "node_modules/terminal-canvas": {
      "version": "3.1.2",
      "resolved": "https://registry.npmjs.org/terminal-canvas/-/terminal-canvas-3.1.2.tgz",
      "integrity": "sha512-PEFCNFIh1QwStlY+1x8CSj25FxnIv6z/Sbe8Zkh5dWfdCmwqhpRue9NpP2u75gE/JoW3dzT2QCXNC4xT9tVdcw==",
      "license": "MIT",
      "engines": {
        "node": ">=12.0.0"
      }
    },
    "node_modules/valtio": {
      "version": "2.3.2",
      "resolved": "https://registry.npmjs.org/valtio/-/valtio-2.3.2.tgz",
      "integrity": "sha512-YXhWQei9IN/ZDce9rhL3trCq9+vVq8M1gWmKVdP3YSZ2gxsmmNWVbxXwf9yG6ffu/dAvAD91nevg8xirGr4Dhg==",
      "license": "MIT",
      "dependencies": {
        "proxy-compare": "^3.0.1"
      },
      "engines": {
        "node": ">=12.20.0"
      },
      "peerDependencies": {
        "@types/react": ">=18.0.0",
        "react": ">=18.0.0"
      },
      "peerDependenciesMeta": {
        "@types/react": {
          "optional": true
        },
        "react": {
          "optional": true
        }
      }
    }
  }
}
